
Microsoft Visual Studio Solution File, Format Version 12.00
# Visual Studio Version 17
VisualStudioVersion = 17.13.35825.156 d17.13
MinimumVisualStudioVersion = 10.0.40219.1
Project("{FAE04EC0-301F-11D3-BF4B-00C04F79EFBC}") = "LOGIN_SDAM_ASSIGNMENT", "LOGIN_SDAM_ASSIGNMENT.csproj", "{63392046-9089-4224-B6CB-8142B785C8E9}"
EndProject
Global
	GlobalSection(SolutionConfigurationPlatforms) = preSolution
		Debug|Any CPU = Debug|Any CPU
		Release|Any CPU = Release|Any CPU
	EndGlobalSection
	GlobalSection(ProjectConfigurationPlatforms) = postSolution
		{63392046-9089-4224-B6CB-8142B785C8E9}.Debug|Any CPU.ActiveCfg = Debug|Any CPU
		{63392046-9089-4224-B6CB-8142B785C8E9}.Debug|Any CPU.Build.0 = Debug|Any CPU
		{63392046-9089-4224-B6CB-8142B785C8E9}.Release|Any CPU.ActiveCfg = Release|Any CPU
		{63392046-9089-4224-B6CB-8142B785C8E9}.Release|Any CPU.Build.0 = Release|Any CPU
	EndGlobalSection
	GlobalSection(SolutionProperties) = preSolution
		HideSolutionNode = FALSE
	EndGlobalSection
	GlobalSection(ExtensibilityGlobals) = postSolution
		SolutionGuid = {D3CC216A-724C-4322-A74B-B5CFE8E531D8}
	EndGlobalSection
EndGlobal
